
Microsoft Visual Studio Solution File, Format Version 12.00
# Visual Studio 15
VisualStudioVersion = 15.0.27130.2010
MinimumVisualStudioVersion = 10.0.40219.1
Project("{FAE04EC0-301F-11D3-BF4B-00C04F79EFBC}") = "RaceServer", "FiveRace\RaceServer.csproj", "{03603DB0-F4A0-4095-9DBB-6191282F2B1E}"
EndProject
Global
	GlobalSection(SolutionConfigurationPlatforms) = preSolution
		Debug|Any CPU = Debug|Any CPU
		Release|Any CPU = Release|Any CPU
	EndGlobalSection
	GlobalSection(ProjectConfigurationPlatforms) = postSolution
		{03603DB0-F4A0-4095-9DBB-6191282F2B1E}.Debug|Any CPU.ActiveCfg = Debug|Any CPU
		{03603DB0-F4A0-4095-9DBB-6191282F2B1E}.Debug|Any CPU.Build.0 = Debug|Any CPU
		{03603DB0-F4A0-4095-9DBB-6191282F2B1E}.Release|Any CPU.ActiveCfg = Release|Any CPU
		{03603DB0-F4A0-4095-9DBB-6191282F2B1E}.Release|Any CPU.Build.0 = Release|Any CPU
	EndGlobalSection
	GlobalSection(SolutionProperties) = preSolution
		HideSolutionNode = FALSE
	EndGlobalSection
	GlobalSection(ExtensibilityGlobals) = postSolution
		SolutionGuid = {FD38A5F0-D291-49F9-A00E-243A784200B4}
	EndGlobalSection
EndGlobal
